// !$*UTF8*$!
{
	archiveVersion = 1;
	classes = {
	};
	objectVersion = 46;
	objects = {

/* Begin PBXBuildFile section */
		C213D8E219182FA700F5086B /* MYSFormPresenceValidation.m in Sources */ = {isa = PBXBuildFile; fileRef = C213D8E119182FA700F5086B /* MYSFormPresenceValidation.m */; };
		C213D8E519182FC900F5086B /* MYSFormValidation.m in Sources */ = {isa = PBXBuildFile; fileRef = C213D8E419182FC900F5086B /* MYSFormValidation.m */; };
		C23CB39F191941A100C5C0B7 /* MYSFormRegexValidation.m in Sources */ = {isa = PBXBuildFile; fileRef = C23CB39E191941A100C5C0B7 /* MYSFormRegexValidation.m */; };
		C24F1B7E191A77E100356D9A /* MYSFormLoadingChildCell.m in Sources */ = {isa = PBXBuildFile; fileRef = C24F1B7D191A77E100356D9A /* MYSFormLoadingChildCell.m */; };
		C24F1B82191A782200356D9A /* MYSFormLoadingChildCell.xib in Resources */ = {isa = PBXBuildFile; fileRef = C24F1B81191A782200356D9A /* MYSFormLoadingChildCell.xib */; };
		C24F1B88191A9E6600356D9A /* MYSLoadingViewController.m in Sources */ = {isa = PBXBuildFile; fileRef = C24F1B87191A9E6600356D9A /* MYSLoadingViewController.m */; };
		C24F1B98191AD8C500356D9A /* MYSFormLabelAndButtonElement.m in Sources */ = {isa = PBXBuildFile; fileRef = C24F1B97191AD8C500356D9A /* MYSFormLabelAndButtonElement.m */; };
		C24F1B9B191AD8E700356D9A /* MYSFormLabelAndButtonCell.m in Sources */ = {isa = PBXBuildFile; fileRef = C24F1B9A191AD8E700356D9A /* MYSFormLabelAndButtonCell.m */; };
		C24F1B9D191AD90300356D9A /* MYSFormLabelAndButtonCell.xib in Resources */ = {isa = PBXBuildFile; fileRef = C24F1B9C191AD90300356D9A /* MYSFormLabelAndButtonCell.xib */; };
		C26614DB191533B80073DAD8 /* MYSSignUpFormViewController.m in Sources */ = {isa = PBXBuildFile; fileRef = C26614DA191533B80073DAD8 /* MYSSignUpFormViewController.m */; };
		C26614DD19153CD40073DAD8 /* MYSFormHeadlineCell.xib in Resources */ = {isa = PBXBuildFile; fileRef = C26614DC19153CD40073DAD8 /* MYSFormHeadlineCell.xib */; };
		C26614E0191544880073DAD8 /* MYSFormCell.m in Sources */ = {isa = PBXBuildFile; fileRef = C26614DF191544880073DAD8 /* MYSFormCell.m */; };
		C26614E819155A810073DAD8 /* MYSFormFootnoteCell.xib in Resources */ = {isa = PBXBuildFile; fileRef = C26614E719155A810073DAD8 /* MYSFormFootnoteCell.xib */; };
		C26614EA19155A900073DAD8 /* MYSFormTextFieldCell.xib in Resources */ = {isa = PBXBuildFile; fileRef = C26614E919155A900073DAD8 /* MYSFormTextFieldCell.xib */; };
		C26614EC19155A9D0073DAD8 /* MYSFormButtonCell.xib in Resources */ = {isa = PBXBuildFile; fileRef = C26614EB19155A9D0073DAD8 /* MYSFormButtonCell.xib */; };
		C26C4FE81923964100D6ADBB /* MYSFormPickerElement.m in Sources */ = {isa = PBXBuildFile; fileRef = C26C4FE71923964100D6ADBB /* MYSFormPickerElement.m */; };
		C26C4FEB1923989C00D6ADBB /* MYSFormPickerCell.m in Sources */ = {isa = PBXBuildFile; fileRef = C26C4FEA1923989C00D6ADBB /* MYSFormPickerCell.m */; };
		C26C4FED192398AB00D6ADBB /* MYSFormPickerCell.xib in Resources */ = {isa = PBXBuildFile; fileRef = C26C4FEC192398AB00D6ADBB /* MYSFormPickerCell.xib */; };
		C271805F192294D300FD2229 /* MYSFormImageFromDataValueTransformer.m in Sources */ = {isa = PBXBuildFile; fileRef = C271805E192294D300FD2229 /* MYSFormImageFromDataValueTransformer.m */; };
		C279707D197066240014036F /* MYSFormMapElement.m in Sources */ = {isa = PBXBuildFile; fileRef = C279707C197066240014036F /* MYSFormMapElement.m */; };
		C2797080197066460014036F /* MYSFormMapCell.m in Sources */ = {isa = PBXBuildFile; fileRef = C279707F197066460014036F /* MYSFormMapCell.m */; };
		C27970821970665B0014036F /* MYSFormMapCell.xib in Resources */ = {isa = PBXBuildFile; fileRef = C27970811970665B0014036F /* MYSFormMapCell.xib */; };
		C289A2521913440A0047D0CF /* Foundation.framework in Frameworks */ = {isa = PBXBuildFile; fileRef = C289A2511913440A0047D0CF /* Foundation.framework */; };
		C289A2541913440A0047D0CF /* CoreGraphics.framework in Frameworks */ = {isa = PBXBuildFile; fileRef = C289A2531913440A0047D0CF /* CoreGraphics.framework */; };
		C289A2561913440A0047D0CF /* UIKit.framework in Frameworks */ = {isa = PBXBuildFile; fileRef = C289A2551913440A0047D0CF /* UIKit.framework */; };
		C289A25C1913440A0047D0CF /* InfoPlist.strings in Resources */ = {isa = PBXBuildFile; fileRef = C289A25A1913440A0047D0CF /* InfoPlist.strings */; };
		C289A25E1913440A0047D0CF /* main.m in Sources */ = {isa = PBXBuildFile; fileRef = C289A25D1913440A0047D0CF /* main.m */; };
		C289A2621913440A0047D0CF /* MYSAppDelegate.m in Sources */ = {isa = PBXBuildFile; fileRef = C289A2611913440A0047D0CF /* MYSAppDelegate.m */; };
		C289A2651913440A0047D0CF /* Main_iPhone.storyboard in Resources */ = {isa = PBXBuildFile; fileRef = C289A2631913440A0047D0CF /* Main_iPhone.storyboard */; };
		C289A2681913440A0047D0CF /* Main_iPad.storyboard in Resources */ = {isa = PBXBuildFile; fileRef = C289A2661913440A0047D0CF /* Main_iPad.storyboard */; };
		C289A26D1913440A0047D0CF /* Images.xcassets in Resources */ = {isa = PBXBuildFile; fileRef = C289A26C1913440A0047D0CF /* Images.xcassets */; };
		C289A2741913440A0047D0CF /* XCTest.framework in Frameworks */ = {isa = PBXBuildFile; fileRef = C289A2731913440A0047D0CF /* XCTest.framework */; };
		C289A2751913440A0047D0CF /* Foundation.framework in Frameworks */ = {isa = PBXBuildFile; fileRef = C289A2511913440A0047D0CF /* Foundation.framework */; };
		C289A2761913440B0047D0CF /* UIKit.framework in Frameworks */ = {isa = PBXBuildFile; fileRef = C289A2551913440A0047D0CF /* UIKit.framework */; };
		C289A27E1913440B0047D0CF /* InfoPlist.strings in Resources */ = {isa = PBXBuildFile; fileRef = C289A27C1913440B0047D0CF /* InfoPlist.strings */; };
		C289A2801913440B0047D0CF /* MYSFormsTests.m in Sources */ = {isa = PBXBuildFile; fileRef = C289A27F1913440B0047D0CF /* MYSFormsTests.m */; };
		C289A28E191344DC0047D0CF /* MYSFormViewController.m in Sources */ = {isa = PBXBuildFile; fileRef = C289A28D191344DC0047D0CF /* MYSFormViewController.m */; };
		C289A2911913D6890047D0CF /* MYSFormButtonCell.m in Sources */ = {isa = PBXBuildFile; fileRef = C289A2901913D6890047D0CF /* MYSFormButtonCell.m */; };
		C289A2941913D73E0047D0CF /* MYSFormHeadlineCell.m in Sources */ = {isa = PBXBuildFile; fileRef = C289A2931913D73E0047D0CF /* MYSFormHeadlineCell.m */; };
		C289A2971913D74E0047D0CF /* MYSFormFootnoteCell.m in Sources */ = {isa = PBXBuildFile; fileRef = C289A2961913D74E0047D0CF /* MYSFormFootnoteCell.m */; };
		C289A29A1913D7660047D0CF /* MYSFormTextFieldCell.m in Sources */ = {isa = PBXBuildFile; fileRef = C289A2991913D7660047D0CF /* MYSFormTextFieldCell.m */; };
		C289A2A11913DC1B0047D0CF /* MYSTableViewController.m in Sources */ = {isa = PBXBuildFile; fileRef = C289A2A01913DC1B0047D0CF /* MYSTableViewController.m */; };
		C292C0B3191DE0AA000567FC /* MYSFormMessageChildElement.m in Sources */ = {isa = PBXBuildFile; fileRef = C292C0B2191DE0AA000567FC /* MYSFormMessageChildElement.m */; };
		C292C0B6191DE1AE000567FC /* MYSFormMessageChildCell.m in Sources */ = {isa = PBXBuildFile; fileRef = C292C0B5191DE1AE000567FC /* MYSFormMessageChildCell.m */; };
		C292C0B8191DE1C8000567FC /* MYSFormMessageChildCell.xib in Resources */ = {isa = PBXBuildFile; fileRef = C292C0B7191DE1C8000567FC /* MYSFormMessageChildCell.xib */; };
		C292C0BB191E48A6000567FC /* MYSErrorFormViewController.m in Sources */ = {isa = PBXBuildFile; fileRef = C292C0BA191E48A6000567FC /* MYSErrorFormViewController.m */; };
		C292C0BE191EED0B000567FC /* MYSCatalogViewController.m in Sources */ = {isa = PBXBuildFile; fileRef = C292C0BD191EED0B000567FC /* MYSCatalogViewController.m */; };
		C292C0C1191EEEE6000567FC /* MYSFormImagePickerElement.m in Sources */ = {isa = PBXBuildFile; fileRef = C292C0C0191EEEE6000567FC /* MYSFormImagePickerElement.m */; };
		C292C0C4191EEF8B000567FC /* MYSFormImagePickerCell.m in Sources */ = {isa = PBXBuildFile; fileRef = C292C0C3191EEF8B000567FC /* MYSFormImagePickerCell.m */; };
		C292C0C6191EEFA4000567FC /* MYSFormImagePickerCell.xib in Resources */ = {isa = PBXBuildFile; fileRef = C292C0C5191EEFA4000567FC /* MYSFormImagePickerCell.xib */; };
		C29F0818192C0E63003956FE /* MYSFormStringFromURLValueTransformer.m in Sources */ = {isa = PBXBuildFile; fileRef = C29F0817192C0E63003956FE /* MYSFormStringFromURLValueTransformer.m */; };
		C2AAD8D519140BFB00FDF78E /* MYSExampleUser.m in Sources */ = {isa = PBXBuildFile; fileRef = C2AAD8D419140BFB00FDF78E /* MYSExampleUser.m */; };
		C2AAD8DD191414C400FDF78E /* MYSFormsMedia.xcassets in Resources */ = {isa = PBXBuildFile; fileRef = C2AAD8DC191414C400FDF78E /* MYSFormsMedia.xcassets */; };
		C2B1BE0E1915A05B00F4E8BB /* MYSFormElement.m in Sources */ = {isa = PBXBuildFile; fileRef = C2B1BE0D1915A05B00F4E8BB /* MYSFormElement.m */; };
		C2B1BE111915A07900F4E8BB /* MYSFormHeadlineElement.m in Sources */ = {isa = PBXBuildFile; fileRef = C2B1BE101915A07900F4E8BB /* MYSFormHeadlineElement.m */; };
		C2B1BE141915A08F00F4E8BB /* MYSFormFootnoteElement.m in Sources */ = {isa = PBXBuildFile; fileRef = C2B1BE131915A08F00F4E8BB /* MYSFormFootnoteElement.m */; };
		C2B1BE171915A0AA00F4E8BB /* MYSFormTextFieldElement.m in Sources */ = {isa = PBXBuildFile; fileRef = C2B1BE161915A0AA00F4E8BB /* MYSFormTextFieldElement.m */; };
		C2B1BE1A1915A0BE00F4E8BB /* MYSFormButtonElement.m in Sources */ = {isa = PBXBuildFile; fileRef = C2B1BE191915A0BE00F4E8BB /* MYSFormButtonElement.m */; };
		C2B1BE1E1915ECED00F4E8BB /* MYSValidationFormViewController.m in Sources */ = {isa = PBXBuildFile; fileRef = C2B1BE1D1915ECED00F4E8BB /* MYSValidationFormViewController.m */; };
		C2D7189F192A4ADE00A94F24 /* .gitignore in Resources */ = {isa = PBXBuildFile; fileRef = C2D71899192A4ADE00A94F24 /* .gitignore */; };
		C2D718A0192A4ADE00A94F24 /* LICENSE in Resources */ = {isa = PBXBuildFile; fileRef = C2D7189A192A4ADE00A94F24 /* LICENSE */; };
		C2D718A2192A4ADE00A94F24 /* README.md in Resources */ = {isa = PBXBuildFile; fileRef = C2D7189E192A4ADE00A94F24 /* README.md */; };
		C2D718BB192A5E9000A94F24 /* MYSCollectionView.m in Sources */ = {isa = PBXBuildFile; fileRef = C2D718B6192A5E9000A94F24 /* MYSCollectionView.m */; };
		C2D718BC192A5E9000A94F24 /* MYSCollectionViewFlowLayout.m in Sources */ = {isa = PBXBuildFile; fileRef = C2D718B8192A5E9000A94F24 /* MYSCollectionViewFlowLayout.m */; };
		C2D718BD192A5E9000A94F24 /* MYSCollectionViewSpringyLayout.m in Sources */ = {isa = PBXBuildFile; fileRef = C2D718BA192A5E9000A94F24 /* MYSCollectionViewSpringyLayout.m */; };
		C2E435591942252F00F0DDC6 /* MYSFormSlideViewController.m in Sources */ = {isa = PBXBuildFile; fileRef = C2E435581942252F00F0DDC6 /* MYSFormSlideViewController.m */; };
		C2F15E2E1923E3EA00E55FDA /* MYSFormStringFromNumberValueTransformer.m in Sources */ = {isa = PBXBuildFile; fileRef = C2F15E2D1923E3EA00E55FDA /* MYSFormStringFromNumberValueTransformer.m */; };
		C2F15E361924263500E55FDA /* MYSFormStringFromTimeZoneValueTransformer.m in Sources */ = {isa = PBXBuildFile; fileRef = C2F15E351924263500E55FDA /* MYSFormStringFromTimeZoneValueTransformer.m */; };
		C2F15E3919242C0800E55FDA /* MYSFormToggleElement.m in Sources */ = {isa = PBXBuildFile; fileRef = C2F15E3819242C0800E55FDA /* MYSFormToggleElement.m */; };
		C2F15E3C19242C1D00E55FDA /* MYSFormToggleCell.m in Sources */ = {isa = PBXBuildFile; fileRef = C2F15E3B19242C1D00E55FDA /* MYSFormToggleCell.m */; };
		C2F15E3E19242C3000E55FDA /* MYSFormToggleCell.xib in Resources */ = {isa = PBXBuildFile; fileRef = C2F15E3D19242C3000E55FDA /* MYSFormToggleCell.xib */; };
		C2F773B7196F2558006B1428 /* MYSFormViewChildElement.m in Sources */ = {isa = PBXBuildFile; fileRef = C2F773B6196F2558006B1428 /* MYSFormViewChildElement.m */; };
		C2F773BA196F36D5006B1428 /* MYSFormViewChildCell.m in Sources */ = {isa = PBXBuildFile; fileRef = C2F773B9196F36D5006B1428 /* MYSFormViewChildCell.m */; };
		C2F773BD196F37A1006B1428 /* MYSFormChildElement.m in Sources */ = {isa = PBXBuildFile; fileRef = C2F773BC196F37A1006B1428 /* MYSFormChildElement.m */; };
		C2F89CE0192B97C300198706 /* MYSFormTextViewCell.m in Sources */ = {isa = PBXBuildFile; fileRef = C2F89CDF192B97C300198706 /* MYSFormTextViewCell.m */; };
		C2F89CE2192B97E900198706 /* MYSFormTextViewCell.xib in Resources */ = {isa = PBXBuildFile; fileRef = C2F89CE1192B97E900198706 /* MYSFormTextViewCell.xib */; };
		C2F89CE5192B97FB00198706 /* MYSFormTextViewElement.m in Sources */ = {isa = PBXBuildFile; fileRef = C2F89CE4192B97FB00198706 /* MYSFormTextViewElement.m */; };
/* End PBXBuildFile section */

/* Begin PBXContainerItemProxy section */
		C289A2771913440B0047D0CF /* PBXContainerItemProxy */ = {
			isa = PBXContainerItemProxy;
			containerPortal = C289A2461913440A0047D0CF /* Project object */;
			proxyType = 1;
			remoteGlobalIDString = C289A24D1913440A0047D0CF;
			remoteInfo = MYSForms;
		};
/* End PBXContainerItemProxy section */

/* Begin PBXFileReference section */
		C213D8E019182FA700F5086B /* MYSFormPresenceValidation.h */ = {isa = PBXFileReference; fileEncoding = 4; lastKnownFileType = sourcecode.c.h; path = MYSFormPresenceValidation.h; sourceTree = "<group>"; };
		C213D8E119182FA700F5086B /* MYSFormPresenceValidation.m */ = {isa = PBXFileReference; fileEncoding = 4; lastKnownFileType = sourcecode.c.objc; path = MYSFormPresenceValidation.m; sourceTree = "<group>"; };
		C213D8E319182FC900F5086B /* MYSFormValidation.h */ = {isa = PBXFileReference; fileEncoding = 4; lastKnownFileType = sourcecode.c.h; path = MYSFormValidation.h; sourceTree = "<group>"; };
		C213D8E419182FC900F5086B /* MYSFormValidation.m */ = {isa = PBXFileReference; fileEncoding = 4; lastKnownFileType = sourcecode.c.objc; path = MYSFormValidation.m; sourceTree = "<group>"; };
		C22A156C196F4204006728A8 /* MYSFormPickerElement-Private.h */ = {isa = PBXFileReference; lastKnownFileType = sourcecode.c.h; path = "MYSFormPickerElement-Private.h"; sourceTree = "<group>"; };
		C22A156D196F4412006728A8 /* MYSFormChildElement-Private.h */ = {isa = PBXFileReference; lastKnownFileType = sourcecode.c.h; path = "MYSFormChildElement-Private.h"; sourceTree = "<group>"; };
		C23CB39D191941A100C5C0B7 /* MYSFormRegexValidation.h */ = {isa = PBXFileReference; fileEncoding = 4; lastKnownFileType = sourcecode.c.h; path = MYSFormRegexValidation.h; sourceTree = "<group>"; };
		C23CB39E191941A100C5C0B7 /* MYSFormRegexValidation.m */ = {isa = PBXFileReference; fileEncoding = 4; lastKnownFileType = sourcecode.c.objc; path = MYSFormRegexValidation.m; sourceTree = "<group>"; };
		C243F39C192157FC00FB86D6 /* MYSFormImagePickerCell-Private.h */ = {isa = PBXFileReference; lastKnownFileType = sourcecode.c.h; path = "MYSFormImagePickerCell-Private.h"; sourceTree = "<group>"; };
		C243F3A01921613900FB86D6 /* MYSFormTextFieldCell-Private.h */ = {isa = PBXFileReference; lastKnownFileType = sourcecode.c.h; path = "MYSFormTextFieldCell-Private.h"; sourceTree = "<group>"; };
		C24F1B7C191A77E100356D9A /* MYSFormLoadingChildCell.h */ = {isa = PBXFileReference; fileEncoding = 4; lastKnownFileType = sourcecode.c.h; path = MYSFormLoadingChildCell.h; sourceTree = "<group>"; };
		C24F1B7D191A77E100356D9A /* MYSFormLoadingChildCell.m */ = {isa = PBXFileReference; fileEncoding = 4; lastKnownFileType = sourcecode.c.objc; path = MYSFormLoadingChildCell.m; sourceTree = "<group>"; };
		C24F1B81191A782200356D9A /* MYSFormLoadingChildCell.xib */ = {isa = PBXFileReference; fileEncoding = 4; lastKnownFileType = file.xib; path = MYSFormLoadingChildCell.xib; sourceTree = "<group>"; };
		C24F1B86191A9E6600356D9A /* MYSLoadingViewController.h */ = {isa = PBXFileReference; fileEncoding = 4; lastKnownFileType = sourcecode.c.h; path = MYSLoadingViewController.h; sourceTree = "<group>"; };
		C24F1B87191A9E6600356D9A /* MYSLoadingViewController.m */ = {isa = PBXFileReference; fileEncoding = 4; lastKnownFileType = sourcecode.c.objc; path = MYSLoadingViewController.m; sourceTree = "<group>"; };
		C24F1B96191AD8C500356D9A /* MYSFormLabelAndButtonElement.h */ = {isa = PBXFileReference; fileEncoding = 4; lastKnownFileType = sourcecode.c.h; path = MYSFormLabelAndButtonElement.h; sourceTree = "<group>"; };
		C24F1B97191AD8C500356D9A /* MYSFormLabelAndButtonElement.m */ = {isa = PBXFileReference; fileEncoding = 4; lastKnownFileType = sourcecode.c.objc; path = MYSFormLabelAndButtonElement.m; sourceTree = "<group>"; };
		C24F1B99191AD8E700356D9A /* MYSFormLabelAndButtonCell.h */ = {isa = PBXFileReference; fileEncoding = 4; lastKnownFileType = sourcecode.c.h; path = MYSFormLabelAndButtonCell.h; sourceTree = "<group>"; };
		C24F1B9A191AD8E700356D9A /* MYSFormLabelAndButtonCell.m */ = {isa = PBXFileReference; fileEncoding = 4; lastKnownFileType = sourcecode.c.objc; path = MYSFormLabelAndButtonCell.m; sourceTree = "<group>"; };
		C24F1B9C191AD90300356D9A /* MYSFormLabelAndButtonCell.xib */ = {isa = PBXFileReference; fileEncoding = 4; lastKnownFileType = file.xib; path = MYSFormLabelAndButtonCell.xib; sourceTree = "<group>"; };
		C26614D9191533B80073DAD8 /* MYSSignUpFormViewController.h */ = {isa = PBXFileReference; fileEncoding = 4; lastKnownFileType = sourcecode.c.h; path = MYSSignUpFormViewController.h; sourceTree = "<group>"; };
		C26614DA191533B80073DAD8 /* MYSSignUpFormViewController.m */ = {isa = PBXFileReference; fileEncoding = 4; lastKnownFileType = sourcecode.c.objc; path = MYSSignUpFormViewController.m; sourceTree = "<group>"; };
		C26614DC19153CD40073DAD8 /* MYSFormHeadlineCell.xib */ = {isa = PBXFileReference; fileEncoding = 4; lastKnownFileType = file.xib; path = MYSFormHeadlineCell.xib; sourceTree = "<group>"; };
		C26614DE191544880073DAD8 /* MYSFormCell.h */ = {isa = PBXFileReference; fileEncoding = 4; lastKnownFileType = sourcecode.c.h; path = MYSFormCell.h; sourceTree = "<group>"; };
		C26614DF191544880073DAD8 /* MYSFormCell.m */ = {isa = PBXFileReference; fileEncoding = 4; lastKnownFileType = sourcecode.c.objc; path = MYSFormCell.m; sourceTree = "<group>"; };
		C26614E719155A810073DAD8 /* MYSFormFootnoteCell.xib */ = {isa = PBXFileReference; fileEncoding = 4; lastKnownFileType = file.xib; path = MYSFormFootnoteCell.xib; sourceTree = "<group>"; };
		C26614E919155A900073DAD8 /* MYSFormTextFieldCell.xib */ = {isa = PBXFileReference; fileEncoding = 4; lastKnownFileType = file.xib; path = MYSFormTextFieldCell.xib; sourceTree = "<group>"; };
		C26614EB19155A9D0073DAD8 /* MYSFormButtonCell.xib */ = {isa = PBXFileReference; fileEncoding = 4; lastKnownFileType = file.xib; path = MYSFormButtonCell.xib; sourceTree = "<group>"; };
		C26C4FE41922E90000D6ADBB /* MYSFormMessageChildElement-Private.h */ = {isa = PBXFileReference; lastKnownFileType = sourcecode.c.h; path = "MYSFormMessageChildElement-Private.h"; sourceTree = "<group>"; };
		C26C4FE61923964100D6ADBB /* MYSFormPickerElement.h */ = {isa = PBXFileReference; fileEncoding = 4; lastKnownFileType = sourcecode.c.h; path = MYSFormPickerElement.h; sourceTree = "<group>"; };
		C26C4FE71923964100D6ADBB /* MYSFormPickerElement.m */ = {isa = PBXFileReference; fileEncoding = 4; lastKnownFileType = sourcecode.c.objc; path = MYSFormPickerElement.m; sourceTree = "<group>"; };
		C26C4FE91923989C00D6ADBB /* MYSFormPickerCell.h */ = {isa = PBXFileReference; fileEncoding = 4; lastKnownFileType = sourcecode.c.h; path = MYSFormPickerCell.h; sourceTree = "<group>"; };
		C26C4FEA1923989C00D6ADBB /* MYSFormPickerCell.m */ = {isa = PBXFileReference; fileEncoding = 4; lastKnownFileType = sourcecode.c.objc; path = MYSFormPickerCell.m; sourceTree = "<group>"; };
		C26C4FEC192398AB00D6ADBB /* MYSFormPickerCell.xib */ = {isa = PBXFileReference; fileEncoding = 4; lastKnownFileType = file.xib; path = MYSFormPickerCell.xib; sourceTree = "<group>"; };
		C271805D192294D300FD2229 /* MYSFormImageFromDataValueTransformer.h */ = {isa = PBXFileReference; fileEncoding = 4; lastKnownFileType = sourcecode.c.h; path = MYSFormImageFromDataValueTransformer.h; sourceTree = "<group>"; };
		C271805E192294D300FD2229 /* MYSFormImageFromDataValueTransformer.m */ = {isa = PBXFileReference; fileEncoding = 4; lastKnownFileType = sourcecode.c.objc; path = MYSFormImageFromDataValueTransformer.m; sourceTree = "<group>"; };
		C279707B197066240014036F /* MYSFormMapElement.h */ = {isa = PBXFileReference; fileEncoding = 4; lastKnownFileType = sourcecode.c.h; path = MYSFormMapElement.h; sourceTree = "<group>"; };
		C279707C197066240014036F /* MYSFormMapElement.m */ = {isa = PBXFileReference; fileEncoding = 4; lastKnownFileType = sourcecode.c.objc; path = MYSFormMapElement.m; sourceTree = "<group>"; };
		C279707E197066460014036F /* MYSFormMapCell.h */ = {isa = PBXFileReference; fileEncoding = 4; lastKnownFileType = sourcecode.c.h; path = MYSFormMapCell.h; sourceTree = "<group>"; };
		C279707F197066460014036F /* MYSFormMapCell.m */ = {isa = PBXFileReference; fileEncoding = 4; lastKnownFileType = sourcecode.c.objc; path = MYSFormMapCell.m; sourceTree = "<group>"; };
		C27970811970665B0014036F /* MYSFormMapCell.xib */ = {isa = PBXFileReference; fileEncoding = 4; lastKnownFileType = file.xib; path = MYSFormMapCell.xib; sourceTree = "<group>"; };
		C289A24E1913440A0047D0CF /* MYSForms.app */ = {isa = PBXFileReference; explicitFileType = wrapper.application; includeInIndex = 0; path = MYSForms.app; sourceTree = BUILT_PRODUCTS_DIR; };
		C289A2511913440A0047D0CF /* Foundation.framework */ = {isa = PBXFileReference; lastKnownFileType = wrapper.framework; name = Foundation.framework; path = System/Library/Frameworks/Foundation.framework; sourceTree = SDKROOT; };
		C289A2531913440A0047D0CF /* CoreGraphics.framework */ = {isa = PBXFileReference; lastKnownFileType = wrapper.framework; name = CoreGraphics.framework; path = System/Library/Frameworks/CoreGraphics.framework; sourceTree = SDKROOT; };
		C289A2551913440A0047D0CF /* UIKit.framework */ = {isa = PBXFileReference; lastKnownFileType = wrapper.framework; name = UIKit.framework; path = System/Library/Frameworks/UIKit.framework; sourceTree = SDKROOT; };
		C289A2591913440A0047D0CF /* MYSForms-Info.plist */ = {isa = PBXFileReference; lastKnownFileType = text.plist.xml; path = "MYSForms-Info.plist"; sourceTree = "<group>"; };
		C289A25B1913440A0047D0CF /* en */ = {isa = PBXFileReference; lastKnownFileType = text.plist.strings; name = en; path = en.lproj/InfoPlist.strings; sourceTree = "<group>"; };
		C289A25D1913440A0047D0CF /* main.m */ = {isa = PBXFileReference; lastKnownFileType = sourcecode.c.objc; path = main.m; sourceTree = "<group>"; };
		C289A25F1913440A0047D0CF /* MYSForms-Prefix.pch */ = {isa = PBXFileReference; lastKnownFileType = sourcecode.c.h; path = "MYSForms-Prefix.pch"; sourceTree = "<group>"; };
		C289A2601913440A0047D0CF /* MYSAppDelegate.h */ = {isa = PBXFileReference; lastKnownFileType = sourcecode.c.h; path = MYSAppDelegate.h; sourceTree = "<group>"; };
		C289A2611913440A0047D0CF /* MYSAppDelegate.m */ = {isa = PBXFileReference; lastKnownFileType = sourcecode.c.objc; path = MYSAppDelegate.m; sourceTree = "<group>"; };
		C289A2641913440A0047D0CF /* Base */ = {isa = PBXFileReference; lastKnownFileType = file.storyboard; name = Base; path = Base.lproj/Main_iPhone.storyboard; sourceTree = "<group>"; };
		C289A2671913440A0047D0CF /* Base */ = {isa = PBXFileReference; lastKnownFileType = file.storyboard; name = Base; path = Base.lproj/Main_iPad.storyboard; sourceTree = "<group>"; };
		C289A26C1913440A0047D0CF /* Images.xcassets */ = {isa = PBXFileReference; lastKnownFileType = folder.assetcatalog; path = Images.xcassets; sourceTree = "<group>"; };
		C289A2721913440A0047D0CF /* MYSFormsTests.xctest */ = {isa = PBXFileReference; explicitFileType = wrapper.cfbundle; includeInIndex = 0; path = MYSFormsTests.xctest; sourceTree = BUILT_PRODUCTS_DIR; };
		C289A2731913440A0047D0CF /* XCTest.framework */ = {isa = PBXFileReference; lastKnownFileType = wrapper.framework; name = XCTest.framework; path = Library/Frameworks/XCTest.framework; sourceTree = DEVELOPER_DIR; };
		C289A27B1913440B0047D0CF /* MYSFormsTests-Info.plist */ = {isa = PBXFileReference; lastKnownFileType = text.plist.xml; path = "MYSFormsTests-Info.plist"; sourceTree = "<group>"; };
		C289A27D1913440B0047D0CF /* en */ = {isa = PBXFileReference; lastKnownFileType = text.plist.strings; name = en; path = en.lproj/InfoPlist.strings; sourceTree = "<group>"; };
		C289A27F1913440B0047D0CF /* MYSFormsTests.m */ = {isa = PBXFileReference; lastKnownFileType = sourcecode.c.objc; path = MYSFormsTests.m; sourceTree = "<group>"; };
		C289A28C191344DC0047D0CF /* MYSFormViewController.h */ = {isa = PBXFileReference; fileEncoding = 4; lastKnownFileType = sourcecode.c.h; path = MYSFormViewController.h; sourceTree = "<group>"; };
		C289A28D191344DC0047D0CF /* MYSFormViewController.m */ = {isa = PBXFileReference; fileEncoding = 4; lastKnownFileType = sourcecode.c.objc; path = MYSFormViewController.m; sourceTree = "<group>"; };
		C289A28F1913D6890047D0CF /* MYSFormButtonCell.h */ = {isa = PBXFileReference; fileEncoding = 4; lastKnownFileType = sourcecode.c.h; path = MYSFormButtonCell.h; sourceTree = "<group>"; };
		C289A2901913D6890047D0CF /* MYSFormButtonCell.m */ = {isa = PBXFileReference; fileEncoding = 4; lastKnownFileType = sourcecode.c.objc; path = MYSFormButtonCell.m; sourceTree = "<group>"; };
		C289A2921913D73E0047D0CF /* MYSFormHeadlineCell.h */ = {isa = PBXFileReference; fileEncoding = 4; lastKnownFileType = sourcecode.c.h; path = MYSFormHeadlineCell.h; sourceTree = "<group>"; };
		C289A2931913D73E0047D0CF /* MYSFormHeadlineCell.m */ = {isa = PBXFileReference; fileEncoding = 4; lastKnownFileType = sourcecode.c.objc; path = MYSFormHeadlineCell.m; sourceTree = "<group>"; };
		C289A2951913D74E0047D0CF /* MYSFormFootnoteCell.h */ = {isa = PBXFileReference; fileEncoding = 4; lastKnownFileType = sourcecode.c.h; path = MYSFormFootnoteCell.h; sourceTree = "<group>"; };
		C289A2961913D74E0047D0CF /* MYSFormFootnoteCell.m */ = {isa = PBXFileReference; fileEncoding = 4; lastKnownFileType = sourcecode.c.objc; path = MYSFormFootnoteCell.m; sourceTree = "<group>"; };
		C289A2981913D7660047D0CF /* MYSFormTextFieldCell.h */ = {isa = PBXFileReference; fileEncoding = 4; lastKnownFileType = sourcecode.c.h; path = MYSFormTextFieldCell.h; sourceTree = "<group>"; };
		C289A2991913D7660047D0CF /* MYSFormTextFieldCell.m */ = {isa = PBXFileReference; fileEncoding = 4; lastKnownFileType = sourcecode.c.objc; path = MYSFormTextFieldCell.m; sourceTree = "<group>"; };
		C289A29F1913DC1B0047D0CF /* MYSTableViewController.h */ = {isa = PBXFileReference; fileEncoding = 4; lastKnownFileType = sourcecode.c.h; path = MYSTableViewController.h; sourceTree = "<group>"; };
		C289A2A01913DC1B0047D0CF /* MYSTableViewController.m */ = {isa = PBXFileReference; fileEncoding = 4; lastKnownFileType = sourcecode.c.objc; path = MYSTableViewController.m; sourceTree = "<group>"; };
		C28D68F2191D963900CF3356 /* MYSForms.h */ = {isa = PBXFileReference; lastKnownFileType = sourcecode.c.h; path = MYSForms.h; sourceTree = "<group>"; };
		C292C0B1191DE0AA000567FC /* MYSFormMessageChildElement.h */ = {isa = PBXFileReference; fileEncoding = 4; lastKnownFileType = sourcecode.c.h; path = MYSFormMessageChildElement.h; sourceTree = "<group>"; };
		C292C0B2191DE0AA000567FC /* MYSFormMessageChildElement.m */ = {isa = PBXFileReference; fileEncoding = 4; lastKnownFileType = sourcecode.c.objc; path = MYSFormMessageChildElement.m; sourceTree = "<group>"; };
		C292C0B4191DE1AE000567FC /* MYSFormMessageChildCell.h */ = {isa = PBXFileReference; fileEncoding = 4; lastKnownFileType = sourcecode.c.h; path = MYSFormMessageChildCell.h; sourceTree = "<group>"; };
		C292C0B5191DE1AE000567FC /* MYSFormMessageChildCell.m */ = {isa = PBXFileReference; fileEncoding = 4; lastKnownFileType = sourcecode.c.objc; path = MYSFormMessageChildCell.m; sourceTree = "<group>"; };
		C292C0B7191DE1C8000567FC /* MYSFormMessageChildCell.xib */ = {isa = PBXFileReference; fileEncoding = 4; lastKnownFileType = file.xib; path = MYSFormMessageChildCell.xib; sourceTree = "<group>"; };
		C292C0B9191E48A6000567FC /* MYSErrorFormViewController.h */ = {isa = PBXFileReference; fileEncoding = 4; lastKnownFileType = sourcecode.c.h; path = MYSErrorFormViewController.h; sourceTree = "<group>"; };
		C292C0BA191E48A6000567FC /* MYSErrorFormViewController.m */ = {isa = PBXFileReference; fileEncoding = 4; lastKnownFileType = sourcecode.c.objc; path = MYSErrorFormViewController.m; sourceTree = "<group>"; };
		C292C0BC191EED0B000567FC /* MYSCatalogViewController.h */ = {isa = PBXFileReference; fileEncoding = 4; lastKnownFileType = sourcecode.c.h; path = MYSCatalogViewController.h; sourceTree = "<group>"; };
		C292C0BD191EED0B000567FC /* MYSCatalogViewController.m */ = {isa = PBXFileReference; fileEncoding = 4; lastKnownFileType = sourcecode.c.objc; path = MYSCatalogViewController.m; sourceTree = "<group>"; };
		C292C0BF191EEEE6000567FC /* MYSFormImagePickerElement.h */ = {isa = PBXFileReference; fileEncoding = 4; lastKnownFileType = sourcecode.c.h; path = MYSFormImagePickerElement.h; sourceTree = "<group>"; };
		C292C0C0191EEEE6000567FC /* MYSFormImagePickerElement.m */ = {isa = PBXFileReference; fileEncoding = 4; lastKnownFileType = sourcecode.c.objc; path = MYSFormImagePickerElement.m; sourceTree = "<group>"; };
		C292C0C2191EEF8B000567FC /* MYSFormImagePickerCell.h */ = {isa = PBXFileReference; fileEncoding = 4; lastKnownFileType = sourcecode.c.h; path = MYSFormImagePickerCell.h; sourceTree = "<group>"; };
		C292C0C3191EEF8B000567FC /* MYSFormImagePickerCell.m */ = {isa = PBXFileReference; fileEncoding = 4; lastKnownFileType = sourcecode.c.objc; path = MYSFormImagePickerCell.m; sourceTree = "<group>"; };
		C292C0C5191EEFA4000567FC /* MYSFormImagePickerCell.xib */ = {isa = PBXFileReference; fileEncoding = 4; lastKnownFileType = file.xib; path = MYSFormImagePickerCell.xib; sourceTree = "<group>"; };
		C29F0816192C0E63003956FE /* MYSFormStringFromURLValueTransformer.h */ = {isa = PBXFileReference; fileEncoding = 4; lastKnownFileType = sourcecode.c.h; path = MYSFormStringFromURLValueTransformer.h; sourceTree = "<group>"; };
		C29F0817192C0E63003956FE /* MYSFormStringFromURLValueTransformer.m */ = {isa = PBXFileReference; fileEncoding = 4; lastKnownFileType = sourcecode.c.objc; path = MYSFormStringFromURLValueTransformer.m; sourceTree = "<group>"; };
		C2AAD8D319140BFB00FDF78E /* MYSExampleUser.h */ = {isa = PBXFileReference; fileEncoding = 4; lastKnownFileType = sourcecode.c.h; path = MYSExampleUser.h; sourceTree = "<group>"; };
		C2AAD8D419140BFB00FDF78E /* MYSExampleUser.m */ = {isa = PBXFileReference; fileEncoding = 4; lastKnownFileType = sourcecode.c.objc; path = MYSExampleUser.m; sourceTree = "<group>"; };
		C2AAD8DC191414C400FDF78E /* MYSFormsMedia.xcassets */ = {isa = PBXFileReference; lastKnownFileType = folder.assetcatalog; path = MYSFormsMedia.xcassets; sourceTree = "<group>"; };
		C2B1BE0C1915A05B00F4E8BB /* MYSFormElement.h */ = {isa = PBXFileReference; fileEncoding = 4; lastKnownFileType = sourcecode.c.h; path = MYSFormElement.h; sourceTree = "<group>"; };
		C2B1BE0D1915A05B00F4E8BB /* MYSFormElement.m */ = {isa = PBXFileReference; fileEncoding = 4; lastKnownFileType = sourcecode.c.objc; path = MYSFormElement.m; sourceTree = "<group>"; };
		C2B1BE0F1915A07900F4E8BB /* MYSFormHeadlineElement.h */ = {isa = PBXFileReference; fileEncoding = 4; lastKnownFileType = sourcecode.c.h; path = MYSFormHeadlineElement.h; sourceTree = "<group>"; };
		C2B1BE101915A07900F4E8BB /* MYSFormHeadlineElement.m */ = {isa = PBXFileReference; fileEncoding = 4; lastKnownFileType = sourcecode.c.objc; path = MYSFormHeadlineElement.m; sourceTree = "<group>"; };
		C2B1BE121915A08F00F4E8BB /* MYSFormFootnoteElement.h */ = {isa = PBXFileReference; fileEncoding = 4; lastKnownFileType = sourcecode.c.h; path = MYSFormFootnoteElement.h; sourceTree = "<group>"; };
		C2B1BE131915A08F00F4E8BB /* MYSFormFootnoteElement.m */ = {isa = PBXFileReference; fileEncoding = 4; lastKnownFileType = sourcecode.c.objc; path = MYSFormFootnoteElement.m; sourceTree = "<group>"; };
		C2B1BE151915A0AA00F4E8BB /* MYSFormTextFieldElement.h */ = {isa = PBXFileReference; fileEncoding = 4; lastKnownFileType = sourcecode.c.h; path = MYSFormTextFieldElement.h; sourceTree = "<group>"; };
		C2B1BE161915A0AA00F4E8BB /* MYSFormTextFieldElement.m */ = {isa = PBXFileReference; fileEncoding = 4; lastKnownFileType = sourcecode.c.objc; path = MYSFormTextFieldElement.m; sourceTree = "<group>"; };
		C2B1BE181915A0BE00F4E8BB /* MYSFormButtonElement.h */ = {isa = PBXFileReference; fileEncoding = 4; lastKnownFileType = sourcecode.c.h; path = MYSFormButtonElement.h; sourceTree = "<group>"; };
		C2B1BE191915A0BE00F4E8BB /* MYSFormButtonElement.m */ = {isa = PBXFileReference; fileEncoding = 4; lastKnownFileType = sourcecode.c.objc; path = MYSFormButtonElement.m; sourceTree = "<group>"; };
		C2B1BE1C1915ECED00F4E8BB /* MYSValidationFormViewController.h */ = {isa = PBXFileReference; fileEncoding = 4; lastKnownFileType = sourcecode.c.h; path = MYSValidationFormViewController.h; sourceTree = "<group>"; };
		C2B1BE1D1915ECED00F4E8BB /* MYSValidationFormViewController.m */ = {isa = PBXFileReference; fileEncoding = 4; lastKnownFileType = sourcecode.c.objc; path = MYSValidationFormViewController.m; sourceTree = "<group>"; };
		C2CC8BBD19C20AEC0052225F /* MYSFormsStatic-Prefix.pch */ = {isa = PBXFileReference; lastKnownFileType = sourcecode.c.h; path = "MYSFormsStatic-Prefix.pch"; sourceTree = "<group>"; };
		C2CC8BBE19C20AEC0052225F /* MYSFormsStatic.h */ = {isa = PBXFileReference; lastKnownFileType = sourcecode.c.h; path = MYSFormsStatic.h; sourceTree = "<group>"; };
		C2CC8BC019C20AEC0052225F /* MYSFormsStatic.m */ = {isa = PBXFileReference; lastKnownFileType = sourcecode.c.objc; path = MYSFormsStatic.m; sourceTree = "<group>"; };
		C2CC8BCF19C20AEC0052225F /* MYSFormsStaticTests-Info.plist */ = {isa = PBXFileReference; lastKnownFileType = text.plist.xml; path = "MYSFormsStaticTests-Info.plist"; sourceTree = "<group>"; };
		C2CC8BD119C20AEC0052225F /* en */ = {isa = PBXFileReference; lastKnownFileType = text.plist.strings; name = en; path = en.lproj/InfoPlist.strings; sourceTree = "<group>"; };
		C2CC8BD319C20AEC0052225F /* MYSFormsStaticTests.m */ = {isa = PBXFileReference; lastKnownFileType = sourcecode.c.objc; path = MYSFormsStaticTests.m; sourceTree = "<group>"; };
		C2D71899192A4ADE00A94F24 /* .gitignore */ = {isa = PBXFileReference; fileEncoding = 4; lastKnownFileType = text; path = .gitignore; sourceTree = "<group>"; };
		C2D7189A192A4ADE00A94F24 /* LICENSE */ = {isa = PBXFileReference; fileEncoding = 4; lastKnownFileType = text; path = LICENSE; sourceTree = "<group>"; };
		C2D7189E192A4ADE00A94F24 /* README.md */ = {isa = PBXFileReference; fileEncoding = 4; lastKnownFileType = text; path = README.md; sourceTree = "<group>"; };
		C2D718B5192A5E9000A94F24 /* MYSCollectionView.h */ = {isa = PBXFileReference; fileEncoding = 4; lastKnownFileType = sourcecode.c.h; name = MYSCollectionView.h; path = Classes/MYSCollectionView.h; sourceTree = "<group>"; };
		C2D718B6192A5E9000A94F24 /* MYSCollectionView.m */ = {isa = PBXFileReference; fileEncoding = 4; lastKnownFileType = sourcecode.c.objc; name = MYSCollectionView.m; path = Classes/MYSCollectionView.m; sourceTree = "<group>"; };
		C2D718B7192A5E9000A94F24 /* MYSCollectionViewFlowLayout.h */ = {isa = PBXFileReference; fileEncoding = 4; lastKnownFileType = sourcecode.c.h; name = MYSCollectionViewFlowLayout.h; path = Classes/MYSCollectionViewFlowLayout.h; sourceTree = "<group>"; };
		C2D718B8192A5E9000A94F24 /* MYSCollectionViewFlowLayout.m */ = {isa = PBXFileReference; fileEncoding = 4; lastKnownFileType = sourcecode.c.objc; name = MYSCollectionViewFlowLayout.m; path = Classes/MYSCollectionViewFlowLayout.m; sourceTree = "<group>"; };
		C2D718B9192A5E9000A94F24 /* MYSCollectionViewSpringyLayout.h */ = {isa = PBXFileReference; fileEncoding = 4; lastKnownFileType = sourcecode.c.h; name = MYSCollectionViewSpringyLayout.h; path = Classes/MYSCollectionViewSpringyLayout.h; sourceTree = "<group>"; };
		C2D718BA192A5E9000A94F24 /* MYSCollectionViewSpringyLayout.m */ = {isa = PBXFileReference; fileEncoding = 4; lastKnownFileType = sourcecode.c.objc; name = MYSCollectionViewSpringyLayout.m; path = Classes/MYSCollectionViewSpringyLayout.m; sourceTree = "<group>"; };
		C2E435571942252F00F0DDC6 /* MYSFormSlideViewController.h */ = {isa = PBXFileReference; fileEncoding = 4; lastKnownFileType = sourcecode.c.h; path = MYSFormSlideViewController.h; sourceTree = "<group>"; };
		C2E435581942252F00F0DDC6 /* MYSFormSlideViewController.m */ = {isa = PBXFileReference; fileEncoding = 4; lastKnownFileType = sourcecode.c.objc; path = MYSFormSlideViewController.m; sourceTree = "<group>"; };
		C2F15E2C1923E3EA00E55FDA /* MYSFormStringFromNumberValueTransformer.h */ = {isa = PBXFileReference; fileEncoding = 4; lastKnownFileType = sourcecode.c.h; path = MYSFormStringFromNumberValueTransformer.h; sourceTree = "<group>"; };
		C2F15E2D1923E3EA00E55FDA /* MYSFormStringFromNumberValueTransformer.m */ = {isa = PBXFileReference; fileEncoding = 4; lastKnownFileType = sourcecode.c.objc; path = MYSFormStringFromNumberValueTransformer.m; sourceTree = "<group>"; };
		C2F15E2F1923EE7D00E55FDA /* MYSFormPickerCell-Private.h */ = {isa = PBXFileReference; lastKnownFileType = sourcecode.c.h; path = "MYSFormPickerCell-Private.h"; sourceTree = "<group>"; };
		C2F15E341924263500E55FDA /* MYSFormStringFromTimeZoneValueTransformer.h */ = {isa = PBXFileReference; fileEncoding = 4; lastKnownFileType = sourcecode.c.h; path = MYSFormStringFromTimeZoneValueTransformer.h; sourceTree = "<group>"; };
		C2F15E351924263500E55FDA /* MYSFormStringFromTimeZoneValueTransformer.m */ = {isa = PBXFileReference; fileEncoding = 4; lastKnownFileType = sourcecode.c.objc; path = MYSFormStringFromTimeZoneValueTransformer.m; sourceTree = "<group>"; };
		C2F15E3719242C0800E55FDA /* MYSFormToggleElement.h */ = {isa = PBXFileReference; fileEncoding = 4; lastKnownFileType = sourcecode.c.h; path = MYSFormToggleElement.h; sourceTree = "<group>"; };
		C2F15E3819242C0800E55FDA /* MYSFormToggleElement.m */ = {isa = PBXFileReference; fileEncoding = 4; lastKnownFileType = sourcecode.c.objc; path = MYSFormToggleElement.m; sourceTree = "<group>"; };
		C2F15E3A19242C1D00E55FDA /* MYSFormToggleCell.h */ = {isa = PBXFileReference; fileEncoding = 4; lastKnownFileType = sourcecode.c.h; path = MYSFormToggleCell.h; sourceTree = "<group>"; };
		C2F15E3B19242C1D00E55FDA /* MYSFormToggleCell.m */ = {isa = PBXFileReference; fileEncoding = 4; lastKnownFileType = sourcecode.c.objc; path = MYSFormToggleCell.m; sourceTree = "<group>"; };
		C2F15E3D19242C3000E55FDA /* MYSFormToggleCell.xib */ = {isa = PBXFileReference; fileEncoding = 4; lastKnownFileType = file.xib; path = MYSFormToggleCell.xib; sourceTree = "<group>"; };
		C2F15E3F19242D6400E55FDA /* MYSFormToggleCell-Private.h */ = {isa = PBXFileReference; lastKnownFileType = sourcecode.c.h; path = "MYSFormToggleCell-Private.h"; sourceTree = "<group>"; };
		C2F773B5196F2558006B1428 /* MYSFormViewChildElement.h */ = {isa = PBXFileReference; fileEncoding = 4; lastKnownFileType = sourcecode.c.h; path = MYSFormViewChildElement.h; sourceTree = "<group>"; };
		C2F773B6196F2558006B1428 /* MYSFormViewChildElement.m */ = {isa = PBXFileReference; fileEncoding = 4; lastKnownFileType = sourcecode.c.objc; path = MYSFormViewChildElement.m; sourceTree = "<group>"; };
		C2F773B8196F36D5006B1428 /* MYSFormViewChildCell.h */ = {isa = PBXFileReference; fileEncoding = 4; lastKnownFileType = sourcecode.c.h; path = MYSFormViewChildCell.h; sourceTree = "<group>"; };
		C2F773B9196F36D5006B1428 /* MYSFormViewChildCell.m */ = {isa = PBXFileReference; fileEncoding = 4; lastKnownFileType = sourcecode.c.objc; path = MYSFormViewChildCell.m; sourceTree = "<group>"; };
		C2F773BB196F37A1006B1428 /* MYSFormChildElement.h */ = {isa = PBXFileReference; fileEncoding = 4; lastKnownFileType = sourcecode.c.h; path = MYSFormChildElement.h; sourceTree = "<group>"; };
		C2F773BC196F37A1006B1428 /* MYSFormChildElement.m */ = {isa = PBXFileReference; fileEncoding = 4; lastKnownFileType = sourcecode.c.objc; path = MYSFormChildElement.m; sourceTree = "<group>"; };
		C2F89CDE192B97C300198706 /* MYSFormTextViewCell.h */ = {isa = PBXFileReference; fileEncoding = 4; lastKnownFileType = sourcecode.c.h; path = MYSFormTextViewCell.h; sourceTree = "<group>"; };
		C2F89CDF192B97C300198706 /* MYSFormTextViewCell.m */ = {isa = PBXFileReference; fileEncoding = 4; lastKnownFileType = sourcecode.c.objc; path = MYSFormTextViewCell.m; sourceTree = "<group>"; };
		C2F89CE1192B97E900198706 /* MYSFormTextViewCell.xib */ = {isa = PBXFileReference; fileEncoding = 4; lastKnownFileType = file.xib; path = MYSFormTextViewCell.xib; sourceTree = "<group>"; };
		C2F89CE3192B97FB00198706 /* MYSFormTextViewElement.h */ = {isa = PBXFileReference; fileEncoding = 4; lastKnownFileType = sourcecode.c.h; path = MYSFormTextViewElement.h; sourceTree = "<group>"; };
		C2F89CE4192B97FB00198706 /* MYSFormTextViewElement.m */ = {isa = PBXFileReference; fileEncoding = 4; lastKnownFileType = sourcecode.c.objc; path = MYSFormTextViewElement.m; sourceTree = "<group>"; };
		C2F89CE6192B987800198706 /* MYSFormTextViewCell-Private.h */ = {isa = PBXFileReference; lastKnownFileType = sourcecode.c.h; path = "MYSFormTextViewCell-Private.h"; sourceTree = "<group>"; };
/* End PBXFileReference section */

/* Begin PBXFrameworksBuildPhase section */
		C289A24B1913440A0047D0CF /* Frameworks */ = {
			isa = PBXFrameworksBuildPhase;
			buildActionMask = 2147483647;
			files = (
				C289A2541913440A0047D0CF /* CoreGraphics.framework in Frameworks */,
				C289A2561913440A0047D0CF /* UIKit.framework in Frameworks */,
				C289A2521913440A0047D0CF /* Foundation.framework in Frameworks */,
			);
			runOnlyForDeploymentPostprocessing = 0;
		};
		C289A26F1913440A0047D0CF /* Frameworks */ = {
			isa = PBXFrameworksBuildPhase;
			buildActionMask = 2147483647;
			files = (
				C289A2741913440A0047D0CF /* XCTest.framework in Frameworks */,
				C289A2761913440B0047D0CF /* UIKit.framework in Frameworks */,
				C289A2751913440A0047D0CF /* Foundation.framework in Frameworks */,
			);
			runOnlyForDeploymentPostprocessing = 0;
		};
/* End PBXFrameworksBuildPhase section */

/* Begin PBXGroup section */
		C213D8DF19182F2500F5086B /* Form Validations */ = {
			isa = PBXGroup;
			children = (
				C213D8E319182FC900F5086B /* MYSFormValidation.h */,
				C213D8E419182FC900F5086B /* MYSFormValidation.m */,
				C213D8E019182FA700F5086B /* MYSFormPresenceValidation.h */,
				C213D8E119182FA700F5086B /* MYSFormPresenceValidation.m */,
				C23CB39D191941A100C5C0B7 /* MYSFormRegexValidation.h */,
				C23CB39E191941A100C5C0B7 /* MYSFormRegexValidation.m */,
			);
			name = "Form Validations";
			sourceTree = "<group>";
		};
		C243F39F19215BA700FB86D6 /* Private */ = {
			isa = PBXGroup;
			children = (
				C243F39C192157FC00FB86D6 /* MYSFormImagePickerCell-Private.h */,
				C2F15E3F19242D6400E55FDA /* MYSFormToggleCell-Private.h */,
				C243F3A01921613900FB86D6 /* MYSFormTextFieldCell-Private.h */,
				C2F89CE6192B987800198706 /* MYSFormTextViewCell-Private.h */,
				C26C4FE41922E90000D6ADBB /* MYSFormMessageChildElement-Private.h */,
				C2F15E2F1923EE7D00E55FDA /* MYSFormPickerCell-Private.h */,
				C22A156C196F4204006728A8 /* MYSFormPickerElement-Private.h */,
				C22A156D196F4412006728A8 /* MYSFormChildElement-Private.h */,
			);
			name = Private;
			sourceTree = "<group>";
		};
		C24F1B83191A8BE900356D9A /* Child Form Elements */ = {
			isa = PBXGroup;
			children = (
				C2F773BB196F37A1006B1428 /* MYSFormChildElement.h */,
				C2F773BC196F37A1006B1428 /* MYSFormChildElement.m */,
				C292C0B1191DE0AA000567FC /* MYSFormMessageChildElement.h */,
				C292C0B2191DE0AA000567FC /* MYSFormMessageChildElement.m */,
				C2F773B5196F2558006B1428 /* MYSFormViewChildElement.h */,
				C2F773B6196F2558006B1428 /* MYSFormViewChildElement.m */,
			);
			name = "Child Form Elements";
			sourceTree = "<group>";
		};
		C24F1B84191A8C2300356D9A /* Child Form Element Cells */ = {
			isa = PBXGroup;
			children = (
				C292C0B4191DE1AE000567FC /* MYSFormMessageChildCell.h */,
				C292C0B5191DE1AE000567FC /* MYSFormMessageChildCell.m */,
				C292C0B7191DE1C8000567FC /* MYSFormMessageChildCell.xib */,
				C24F1B7C191A77E100356D9A /* MYSFormLoadingChildCell.h */,
				C24F1B7D191A77E100356D9A /* MYSFormLoadingChildCell.m */,
				C24F1B81191A782200356D9A /* MYSFormLoadingChildCell.xib */,
				C2F773B8196F36D5006B1428 /* MYSFormViewChildCell.h */,
				C2F773B9196F36D5006B1428 /* MYSFormViewChildCell.m */,
			);
			name = "Child Form Element Cells";
			sourceTree = "<group>";
		};
		C271805C1922914F00FD2229 /* Form Value Transformers */ = {
			isa = PBXGroup;
			children = (
				C271805D192294D300FD2229 /* MYSFormImageFromDataValueTransformer.h */,
				C271805E192294D300FD2229 /* MYSFormImageFromDataValueTransformer.m */,
				C2F15E2C1923E3EA00E55FDA /* MYSFormStringFromNumberValueTransformer.h */,
				C2F15E2D1923E3EA00E55FDA /* MYSFormStringFromNumberValueTransformer.m */,
				C2F15E341924263500E55FDA /* MYSFormStringFromTimeZoneValueTransformer.h */,
				C2F15E351924263500E55FDA /* MYSFormStringFromTimeZoneValueTransformer.m */,
				C29F0816192C0E63003956FE /* MYSFormStringFromURLValueTransformer.h */,
				C29F0817192C0E63003956FE /* MYSFormStringFromURLValueTransformer.m */,
			);
			name = "Form Value Transformers";
			sourceTree = "<group>";
		};
		C289A2451913440A0047D0CF = {
			isa = PBXGroup;
			children = (
				C289A2571913440A0047D0CF /* MYSForms */,
				C289A2791913440B0047D0CF /* MYSFormsTests */,
				C2CC8BBB19C20AEB0052225F /* MYSFormsStatic */,
				C2CC8BCD19C20AEC0052225F /* MYSFormsStaticTests */,
				C289A2501913440A0047D0CF /* Frameworks */,
				C289A24F1913440A0047D0CF /* Products */,
			);
			sourceTree = "<group>";
		};
		C289A24F1913440A0047D0CF /* Products */ = {
			isa = PBXGroup;
			children = (
				C289A24E1913440A0047D0CF /* MYSForms.app */,
				C289A2721913440A0047D0CF /* MYSFormsTests.xctest */,
			);
			name = Products;
			sourceTree = "<group>";
		};
		C289A2501913440A0047D0CF /* Frameworks */ = {
			isa = PBXGroup;
			children = (
				C289A2511913440A0047D0CF /* Foundation.framework */,
				C289A2531913440A0047D0CF /* CoreGraphics.framework */,
				C289A2551913440A0047D0CF /* UIKit.framework */,
				C289A2731913440A0047D0CF /* XCTest.framework */,
			);
			name = Frameworks;
			sourceTree = "<group>";
		};
		C289A2571913440A0047D0CF /* MYSForms */ = {
			isa = PBXGroup;
			children = (
				C289A2601913440A0047D0CF /* MYSAppDelegate.h */,
				C289A2611913440A0047D0CF /* MYSAppDelegate.m */,
				C289A2631913440A0047D0CF /* Main_iPhone.storyboard */,
				C289A2661913440A0047D0CF /* Main_iPad.storyboard */,
				C289A29F1913DC1B0047D0CF /* MYSTableViewController.h */,
				C289A2A01913DC1B0047D0CF /* MYSTableViewController.m */,
				C2CA1AF61917DD23009786FC /* Example Forms */,
				C2AAD8D219140BE500FDF78E /* Example Models */,
				C289A2891913443C0047D0CF /* MYSForms */,
				C2D71898192A4ADE00A94F24 /* MYSCollectionView */,
				C289A26C1913440A0047D0CF /* Images.xcassets */,
				C289A2581913440A0047D0CF /* Supporting Files */,
			);
			path = MYSForms;
			sourceTree = "<group>";
		};
		C289A2581913440A0047D0CF /* Supporting Files */ = {
			isa = PBXGroup;
			children = (
				C289A2591913440A0047D0CF /* MYSForms-Info.plist */,
				C289A25A1913440A0047D0CF /* InfoPlist.strings */,
				C289A25D1913440A0047D0CF /* main.m */,
				C289A25F1913440A0047D0CF /* MYSForms-Prefix.pch */,
			);
			name = "Supporting Files";
			sourceTree = "<group>";
		};
		C289A2791913440B0047D0CF /* MYSFormsTests */ = {
			isa = PBXGroup;
			children = (
				C289A27F1913440B0047D0CF /* MYSFormsTests.m */,
				C289A27A1913440B0047D0CF /* Supporting Files */,
			);
			path = MYSFormsTests;
			sourceTree = "<group>";
		};
		C289A27A1913440B0047D0CF /* Supporting Files */ = {
			isa = PBXGroup;
			children = (
				C289A27B1913440B0047D0CF /* MYSFormsTests-Info.plist */,
				C289A27C1913440B0047D0CF /* InfoPlist.strings */,
			);
			name = "Supporting Files";
			sourceTree = "<group>";
		};
		C289A2891913443C0047D0CF /* MYSForms */ = {
			isa = PBXGroup;
			children = (
				C28D68F2191D963900CF3356 /* MYSForms.h */,
				C289A28C191344DC0047D0CF /* MYSFormViewController.h */,
				C289A28D191344DC0047D0CF /* MYSFormViewController.m */,
				C2B1BE0B1915A03400F4E8BB /* Form Elements */,
				C289A29B1913D7740047D0CF /* Form Element Cells */,
				C213D8DF19182F2500F5086B /* Form Validations */,
				C271805C1922914F00FD2229 /* Form Value Transformers */,
				C28D68EE191D941900CF3356 /* Internal */,
				C2E43556194224E600F0DDC6 /* Subclasses */,
				C2AAD8DC191414C400FDF78E /* MYSFormsMedia.xcassets */,
			);
			path = MYSForms;
			sourceTree = "<group>";
		};
		C289A29B1913D7740047D0CF /* Form Element Cells */ = {
			isa = PBXGroup;
			children = (
				C26614DE191544880073DAD8 /* MYSFormCell.h */,
				C26614DF191544880073DAD8 /* MYSFormCell.m */,
				C289A2921913D73E0047D0CF /* MYSFormHeadlineCell.h */,
				C289A2931913D73E0047D0CF /* MYSFormHeadlineCell.m */,
				C26614DC19153CD40073DAD8 /* MYSFormHeadlineCell.xib */,
				C289A2951913D74E0047D0CF /* MYSFormFootnoteCell.h */,
				C289A2961913D74E0047D0CF /* MYSFormFootnoteCell.m */,
				C26614E719155A810073DAD8 /* MYSFormFootnoteCell.xib */,
				C289A2981913D7660047D0CF /* MYSFormTextFieldCell.h */,
				C289A2991913D7660047D0CF /* MYSFormTextFieldCell.m */,
				C26614E919155A900073DAD8 /* MYSFormTextFieldCell.xib */,
				C2F89CDE192B97C300198706 /* MYSFormTextViewCell.h */,
				C2F89CDF192B97C300198706 /* MYSFormTextViewCell.m */,
				C2F89CE1192B97E900198706 /* MYSFormTextViewCell.xib */,
				C289A28F1913D6890047D0CF /* MYSFormButtonCell.h */,
				C289A2901913D6890047D0CF /* MYSFormButtonCell.m */,
				C26614EB19155A9D0073DAD8 /* MYSFormButtonCell.xib */,
				C24F1B99191AD8E700356D9A /* MYSFormLabelAndButtonCell.h */,
				C24F1B9A191AD8E700356D9A /* MYSFormLabelAndButtonCell.m */,
				C24F1B9C191AD90300356D9A /* MYSFormLabelAndButtonCell.xib */,
				C292C0C2191EEF8B000567FC /* MYSFormImagePickerCell.h */,
				C292C0C3191EEF8B000567FC /* MYSFormImagePickerCell.m */,
				C292C0C5191EEFA4000567FC /* MYSFormImagePickerCell.xib */,
				C26C4FE91923989C00D6ADBB /* MYSFormPickerCell.h */,
				C26C4FEA1923989C00D6ADBB /* MYSFormPickerCell.m */,
				C26C4FEC192398AB00D6ADBB /* MYSFormPickerCell.xib */,
				C2F15E3A19242C1D00E55FDA /* MYSFormToggleCell.h */,
				C2F15E3B19242C1D00E55FDA /* MYSFormToggleCell.m */,
				C2F15E3D19242C3000E55FDA /* MYSFormToggleCell.xib */,
				C279707E197066460014036F /* MYSFormMapCell.h */,
				C279707F197066460014036F /* MYSFormMapCell.m */,
				C27970811970665B0014036F /* MYSFormMapCell.xib */,
			);
			name = "Form Element Cells";
			sourceTree = "<group>";
		};
		C28D68EE191D941900CF3356 /* Internal */ = {
			isa = PBXGroup;
			children = (
				C243F39F19215BA700FB86D6 /* Private */,
				C24F1B83191A8BE900356D9A /* Child Form Elements */,
				C24F1B84191A8C2300356D9A /* Child Form Element Cells */,
			);
			name = Internal;
			sourceTree = "<group>";
		};
		C2AAD8D219140BE500FDF78E /* Example Models */ = {
			isa = PBXGroup;
			children = (
				C2AAD8D319140BFB00FDF78E /* MYSExampleUser.h */,
				C2AAD8D419140BFB00FDF78E /* MYSExampleUser.m */,
			);
			name = "Example Models";
			sourceTree = "<group>";
		};
		C2B1BE0B1915A03400F4E8BB /* Form Elements */ = {
			isa = PBXGroup;
			children = (
				C2B1BE0C1915A05B00F4E8BB /* MYSFormElement.h */,
				C2B1BE0D1915A05B00F4E8BB /* MYSFormElement.m */,
				C2B1BE0F1915A07900F4E8BB /* MYSFormHeadlineElement.h */,
				C2B1BE101915A07900F4E8BB /* MYSFormHeadlineElement.m */,
				C2B1BE121915A08F00F4E8BB /* MYSFormFootnoteElement.h */,
				C2B1BE131915A08F00F4E8BB /* MYSFormFootnoteElement.m */,
				C2B1BE151915A0AA00F4E8BB /* MYSFormTextFieldElement.h */,
				C2B1BE161915A0AA00F4E8BB /* MYSFormTextFieldElement.m */,
				C2F89CE3192B97FB00198706 /* MYSFormTextViewElement.h */,
				C2F89CE4192B97FB00198706 /* MYSFormTextViewElement.m */,
				C2B1BE181915A0BE00F4E8BB /* MYSFormButtonElement.h */,
				C2B1BE191915A0BE00F4E8BB /* MYSFormButtonElement.m */,
				C24F1B96191AD8C500356D9A /* MYSFormLabelAndButtonElement.h */,
				C24F1B97191AD8C500356D9A /* MYSFormLabelAndButtonElement.m */,
				C292C0BF191EEEE6000567FC /* MYSFormImagePickerElement.h */,
				C292C0C0191EEEE6000567FC /* MYSFormImagePickerElement.m */,
				C26C4FE61923964100D6ADBB /* MYSFormPickerElement.h */,
				C26C4FE71923964100D6ADBB /* MYSFormPickerElement.m */,
				C2F15E3719242C0800E55FDA /* MYSFormToggleElement.h */,
				C2F15E3819242C0800E55FDA /* MYSFormToggleElement.m */,
				C279707B197066240014036F /* MYSFormMapElement.h */,
				C279707C197066240014036F /* MYSFormMapElement.m */,
			);
			name = "Form Elements";
			sourceTree = "<group>";
		};
		C2CA1AF61917DD23009786FC /* Example Forms */ = {
			isa = PBXGroup;
			children = (
				C26614D9191533B80073DAD8 /* MYSSignUpFormViewController.h */,
				C26614DA191533B80073DAD8 /* MYSSignUpFormViewController.m */,
				C2B1BE1C1915ECED00F4E8BB /* MYSValidationFormViewController.h */,
				C2B1BE1D1915ECED00F4E8BB /* MYSValidationFormViewController.m */,
				C24F1B86191A9E6600356D9A /* MYSLoadingViewController.h */,
				C24F1B87191A9E6600356D9A /* MYSLoadingViewController.m */,
				C292C0B9191E48A6000567FC /* MYSErrorFormViewController.h */,
				C292C0BA191E48A6000567FC /* MYSErrorFormViewController.m */,
				C292C0BC191EED0B000567FC /* MYSCatalogViewController.h */,
				C292C0BD191EED0B000567FC /* MYSCatalogViewController.m */,
			);
			name = "Example Forms";
			sourceTree = "<group>";
		};
		C2CC8BBB19C20AEB0052225F /* MYSFormsStatic */ = {
			isa = PBXGroup;
			children = (
				C2CC8BBE19C20AEC0052225F /* MYSFormsStatic.h */,
				C2CC8BC019C20AEC0052225F /* MYSFormsStatic.m */,
				C2CC8BBC19C20AEB0052225F /* Supporting Files */,
			);
			path = MYSFormsStatic;
			sourceTree = "<group>";
		};
		C2CC8BBC19C20AEB0052225F /* Supporting Files */ = {
			isa = PBXGroup;
			children = (
				C2CC8BBD19C20AEC0052225F /* MYSFormsStatic-Prefix.pch */,
			);
			name = "Supporting Files";
			sourceTree = "<group>";
		};
		C2CC8BCD19C20AEC0052225F /* MYSFormsStaticTests */ = {
			isa = PBXGroup;
			children = (
				C2CC8BD319C20AEC0052225F /* MYSFormsStaticTests.m */,
				C2CC8BCE19C20AEC0052225F /* Supporting Files */,
			);
			path = MYSFormsStaticTests;
			sourceTree = "<group>";
		};
		C2CC8BCE19C20AEC0052225F /* Supporting Files */ = {
			isa = PBXGroup;
			children = (
				C2CC8BCF19C20AEC0052225F /* MYSFormsStaticTests-Info.plist */,
				C2CC8BD019C20AEC0052225F /* InfoPlist.strings */,
			);
			name = "Supporting Files";
			sourceTree = "<group>";
		};
		C2D71898192A4ADE00A94F24 /* MYSCollectionView */ = {
			isa = PBXGroup;
			children = (
				C2D71899192A4ADE00A94F24 /* .gitignore */,
				C2D7189A192A4ADE00A94F24 /* LICENSE */,
				C2D718B5192A5E9000A94F24 /* MYSCollectionView.h */,
				C2D718B6192A5E9000A94F24 /* MYSCollectionView.m */,
				C2D718B7192A5E9000A94F24 /* MYSCollectionViewFlowLayout.h */,
				C2D718B8192A5E9000A94F24 /* MYSCollectionViewFlowLayout.m */,
				C2D718B9192A5E9000A94F24 /* MYSCollectionViewSpringyLayout.h */,
				C2D718BA192A5E9000A94F24 /* MYSCollectionViewSpringyLayout.m */,
				C2D7189E192A4ADE00A94F24 /* README.md */,
			);
			name = MYSCollectionView;
			path = libs/MYSCollectionView;
			sourceTree = SOURCE_ROOT;
		};
		C2E43556194224E600F0DDC6 /* Subclasses */ = {
			isa = PBXGroup;
			children = (
				C2E435571942252F00F0DDC6 /* MYSFormSlideViewController.h */,
				C2E435581942252F00F0DDC6 /* MYSFormSlideViewController.m */,
			);
			name = Subclasses;
			sourceTree = "<group>";
		};
/* End PBXGroup section */

/* Begin PBXNativeTarget section */
		C289A24D1913440A0047D0CF /* MYSForms */ = {
			isa = PBXNativeTarget;
			buildConfigurationList = C289A2831913440B0047D0CF /* Build configuration list for PBXNativeTarget "MYSForms" */;
			buildPhases = (
				C289A24A1913440A0047D0CF /* Sources */,
				C289A24B1913440A0047D0CF /* Frameworks */,
				C289A24C1913440A0047D0CF /* Resources */,
			);
			buildRules = (
			);
			dependencies = (
			);
			name = MYSForms;
			productName = MYSForms;
			productReference = C289A24E1913440A0047D0CF /* MYSForms.app */;
			productType = "com.apple.product-type.application";
		};
		C289A2711913440A0047D0CF /* MYSFormsTests */ = {
			isa = PBXNativeTarget;
			buildConfigurationList = C289A2861913440B0047D0CF /* Build configuration list for PBXNativeTarget "MYSFormsTests" */;
			buildPhases = (
				C289A26E1913440A0047D0CF /* Sources */,
				C289A26F1913440A0047D0CF /* Frameworks */,
				C289A2701913440A0047D0CF /* Resources */,
			);
			buildRules = (
			);
			dependencies = (
				C289A2781913440B0047D0CF /* PBXTargetDependency */,
			);
			name = MYSFormsTests;
			productName = MYSFormsTests;
			productReference = C289A2721913440A0047D0CF /* MYSFormsTests.xctest */;
			productType = "com.apple.product-type.bundle.unit-test";
		};
/* End PBXNativeTarget section */

/* Begin PBXProject section */
		C289A2461913440A0047D0CF /* Project object */ = {
			isa = PBXProject;
			attributes = {
				CLASSPREFIX = MYS;
				LastUpgradeCheck = 0510;
				ORGANIZATIONNAME = "Mysterious Trousers";
				TargetAttributes = {
					C289A24D1913440A0047D0CF = {
						DevelopmentTeam = JXK78JN25R;
					};
					C289A2711913440A0047D0CF = {
						TestTargetID = C289A24D1913440A0047D0CF;
					};
				};
			};
			buildConfigurationList = C289A2491913440A0047D0CF /* Build configuration list for PBXProject "MYSForms" */;
			compatibilityVersion = "Xcode 3.2";
			developmentRegion = English;
			hasScannedForEncodings = 0;
			knownRegions = (
				en,
				Base,
			);
			mainGroup = C289A2451913440A0047D0CF;
			productRefGroup = C289A24F1913440A0047D0CF /* Products */;
			projectDirPath = "";
			projectRoot = "";
			targets = (
				C289A24D1913440A0047D0CF /* MYSForms */,
				C289A2711913440A0047D0CF /* MYSFormsTests */,
			);
		};
/* End PBXProject section */

/* Begin PBXResourcesBuildPhase section */
		C289A24C1913440A0047D0CF /* Resources */ = {
			isa = PBXResourcesBuildPhase;
			buildActionMask = 2147483647;
			files = (
				C2D7189F192A4ADE00A94F24 /* .gitignore in Resources */,
				C289A2681913440A0047D0CF /* Main_iPad.storyboard in Resources */,
				C2AAD8DD191414C400FDF78E /* MYSFormsMedia.xcassets in Resources */,
				C2F15E3E19242C3000E55FDA /* MYSFormToggleCell.xib in Resources */,
				C24F1B82191A782200356D9A /* MYSFormLoadingChildCell.xib in Resources */,
				C289A26D1913440A0047D0CF /* Images.xcassets in Resources */,
				C2D718A2192A4ADE00A94F24 /* README.md in Resources */,
				C292C0B8191DE1C8000567FC /* MYSFormMessageChildCell.xib in Resources */,
				C26C4FED192398AB00D6ADBB /* MYSFormPickerCell.xib in Resources */,
				C2D718A0192A4ADE00A94F24 /* LICENSE in Resources */,
				C289A2651913440A0047D0CF /* Main_iPhone.storyboard in Resources */,
				C292C0C6191EEFA4000567FC /* MYSFormImagePickerCell.xib in Resources */,
				C289A25C1913440A0047D0CF /* InfoPlist.strings in Resources */,
				C26614E819155A810073DAD8 /* MYSFormFootnoteCell.xib in Resources */,
				C2F89CE2192B97E900198706 /* MYSFormTextViewCell.xib in Resources */,
				C26614DD19153CD40073DAD8 /* MYSFormHeadlineCell.xib in Resources */,
				C26614EC19155A9D0073DAD8 /* MYSFormButtonCell.xib in Resources */,
				C24F1B9D191AD90300356D9A /* MYSFormLabelAndButtonCell.xib in Resources */,
				C27970821970665B0014036F /* MYSFormMapCell.xib in Resources */,
				C26614EA19155A900073DAD8 /* MYSFormTextFieldCell.xib in Resources */,
			);
			runOnlyForDeploymentPostprocessing = 0;
		};
		C289A2701913440A0047D0CF /* Resources */ = {
			isa = PBXResourcesBuildPhase;
			buildActionMask = 2147483647;
			files = (
				C289A27E1913440B0047D0CF /* InfoPlist.strings in Resources */,
			);
			runOnlyForDeploymentPostprocessing = 0;
		};
/* End PBXResourcesBuildPhase section */

/* Begin PBXSourcesBuildPhase section */
		C289A24A1913440A0047D0CF /* Sources */ = {
			isa = PBXSourcesBuildPhase;
			buildActionMask = 2147483647;
			files = (
				C2D718BC192A5E9000A94F24 /* MYSCollectionViewFlowLayout.m in Sources */,
				C2B1BE1E1915ECED00F4E8BB /* MYSValidationFormViewController.m in Sources */,
				C2F15E361924263500E55FDA /* MYSFormStringFromTimeZoneValueTransformer.m in Sources */,
				C292C0C4191EEF8B000567FC /* MYSFormImagePickerCell.m in Sources */,
				C289A29A1913D7660047D0CF /* MYSFormTextFieldCell.m in Sources */,
				C213D8E519182FC900F5086B /* MYSFormValidation.m in Sources */,
				C2AAD8D519140BFB00FDF78E /* MYSExampleUser.m in Sources */,
				C2B1BE171915A0AA00F4E8BB /* MYSFormTextFieldElement.m in Sources */,
				C2F89CE5192B97FB00198706 /* MYSFormTextViewElement.m in Sources */,
				C2B1BE111915A07900F4E8BB /* MYSFormHeadlineElement.m in Sources */,
				C289A2621913440A0047D0CF /* MYSAppDelegate.m in Sources */,
				C2B1BE141915A08F00F4E8BB /* MYSFormFootnoteElement.m in Sources */,
				C26614E0191544880073DAD8 /* MYSFormCell.m in Sources */,
				C2F773B7196F2558006B1428 /* MYSFormViewChildElement.m in Sources */,
				C2F15E2E1923E3EA00E55FDA /* MYSFormStringFromNumberValueTransformer.m in Sources */,
				C292C0C1191EEEE6000567FC /* MYSFormImagePickerElement.m in Sources */,
				C24F1B7E191A77E100356D9A /* MYSFormLoadingChildCell.m in Sources */,
				C292C0BB191E48A6000567FC /* MYSErrorFormViewController.m in Sources */,
				C292C0BE191EED0B000567FC /* MYSCatalogViewController.m in Sources */,
				C279707D197066240014036F /* MYSFormMapElement.m in Sources */,
				C24F1B9B191AD8E700356D9A /* MYSFormLabelAndButtonCell.m in Sources */,
				C26C4FEB1923989C00D6ADBB /* MYSFormPickerCell.m in Sources */,
				C2D718BB192A5E9000A94F24 /* MYSCollectionView.m in Sources */,
				C289A2971913D74E0047D0CF /* MYSFormFootnoteCell.m in Sources */,
				C2F773BD196F37A1006B1428 /* MYSFormChildElement.m in Sources */,
				C26C4FE81923964100D6ADBB /* MYSFormPickerElement.m in Sources */,
				C289A2941913D73E0047D0CF /* MYSFormHeadlineCell.m in Sources */,
				C2E435591942252F00F0DDC6 /* MYSFormSlideViewController.m in Sources */,
				C23CB39F191941A100C5C0B7 /* MYSFormRegexValidation.m in Sources */,
				C289A2A11913DC1B0047D0CF /* MYSTableViewController.m in Sources */,
				C2B1BE0E1915A05B00F4E8BB /* MYSFormElement.m in Sources */,
				C292C0B6191DE1AE000567FC /* MYSFormMessageChildCell.m in Sources */,
				C289A28E191344DC0047D0CF /* MYSFormViewController.m in Sources */,
				C2F773BA196F36D5006B1428 /* MYSFormViewChildCell.m in Sources */,
				C2B1BE1A1915A0BE00F4E8BB /* MYSFormButtonElement.m in Sources */,
				C289A2911913D6890047D0CF /* MYSFormButtonCell.m in Sources */,
				C289A25E1913440A0047D0CF /* main.m in Sources */,
				C26614DB191533B80073DAD8 /* MYSSignUpFormViewController.m in Sources */,
				C2F15E3919242C0800E55FDA /* MYSFormToggleElement.m in Sources */,
				C292C0B3191DE0AA000567FC /* MYSFormMessageChildElement.m in Sources */,
				C2F15E3C19242C1D00E55FDA /* MYSFormToggleCell.m in Sources */,
				C29F0818192C0E63003956FE /* MYSFormStringFromURLValueTransformer.m in Sources */,
				C271805F192294D300FD2229 /* MYSFormImageFromDataValueTransformer.m in Sources */,
				C24F1B88191A9E6600356D9A /* MYSLoadingViewController.m in Sources */,
				C2D718BD192A5E9000A94F24 /* MYSCollectionViewSpringyLayout.m in Sources */,
				C213D8E219182FA700F5086B /* MYSFormPresenceValidation.m in Sources */,
				C2F89CE0192B97C300198706 /* MYSFormTextViewCell.m in Sources */,
				C24F1B98191AD8C500356D9A /* MYSFormLabelAndButtonElement.m in Sources */,
				C2797080197066460014036F /* MYSFormMapCell.m in Sources */,
			);
			runOnlyForDeploymentPostprocessing = 0;
		};
		C289A26E1913440A0047D0CF /* Sources */ = {
			isa = PBXSourcesBuildPhase;
			buildActionMask = 2147483647;
			files = (
				C289A2801913440B0047D0CF /* MYSFormsTests.m in Sources */,
			);
			runOnlyForDeploymentPostprocessing = 0;
		};
/* End PBXSourcesBuildPhase section */

/* Begin PBXTargetDependency section */
		C289A2781913440B0047D0CF /* PBXTargetDependency */ = {
			isa = PBXTargetDependency;
			target = C289A24D1913440A0047D0CF /* MYSForms */;
			targetProxy = C289A2771913440B0047D0CF /* PBXContainerItemProxy */;
		};
/* End PBXTargetDependency section */

/* Begin PBXVariantGroup section */
		C289A25A1913440A0047D0CF /* InfoPlist.strings */ = {
			isa = PBXVariantGroup;
			children = (
				C289A25B1913440A0047D0CF /* en */,
			);
			name = InfoPlist.strings;
			sourceTree = "<group>";
		};
		C289A2631913440A0047D0CF /* Main_iPhone.storyboard */ = {
			isa = PBXVariantGroup;
			children = (
				C289A2641913440A0047D0CF /* Base */,
			);
			name = Main_iPhone.storyboard;
			sourceTree = "<group>";
		};
		C289A2661913440A0047D0CF /* Main_iPad.storyboard */ = {
			isa = PBXVariantGroup;
			children = (
				C289A2671913440A0047D0CF /* Base */,
			);
			name = Main_iPad.storyboard;
			sourceTree = "<group>";
		};
		C289A27C1913440B0047D0CF /* InfoPlist.strings */ = {
			isa = PBXVariantGroup;
			children = (
				C289A27D1913440B0047D0CF /* en */,
			);
			name = InfoPlist.strings;
			sourceTree = "<group>";
		};
		C2CC8BD019C20AEC0052225F /* InfoPlist.strings */ = {
			isa = PBXVariantGroup;
			children = (
				C2CC8BD119C20AEC0052225F /* en */,
			);
			name = InfoPlist.strings;
			sourceTree = "<group>";
		};
/* End PBXVariantGroup section */

/* Begin XCBuildConfiguration section */
		C289A2811913440B0047D0CF /* Debug */ = {
			isa = XCBuildConfiguration;
			buildSettings = {
				ALWAYS_SEARCH_USER_PATHS = NO;
				CLANG_CXX_LANGUAGE_STANDARD = "gnu++0x";
				CLANG_CXX_LIBRARY = "libc++";
				CLANG_ENABLE_MODULES = YES;
				CLANG_ENABLE_OBJC_ARC = YES;
				CLANG_WARN_BOOL_CONVERSION = YES;
				CLANG_WARN_CONSTANT_CONVERSION = YES;
				CLANG_WARN_DIRECT_OBJC_ISA_USAGE = YES_ERROR;
				CLANG_WARN_EMPTY_BODY = YES;
				CLANG_WARN_ENUM_CONVERSION = YES;
				CLANG_WARN_INT_CONVERSION = YES;
				CLANG_WARN_OBJC_ROOT_CLASS = YES_ERROR;
				CLANG_WARN__DUPLICATE_METHOD_MATCH = YES;
				"CODE_SIGN_IDENTITY[sdk=iphoneos*]" = "iPhone Developer";
				COPY_PHASE_STRIP = NO;
				GCC_C_LANGUAGE_STANDARD = gnu99;
				GCC_DYNAMIC_NO_PIC = NO;
				GCC_OPTIMIZATION_LEVEL = 0;
				GCC_PREPROCESSOR_DEFINITIONS = (
					"DEBUG=1",
					"$(inherited)",
				);
				GCC_SYMBOLS_PRIVATE_EXTERN = NO;
				GCC_WARN_64_TO_32_BIT_CONVERSION = YES;
				GCC_WARN_ABOUT_RETURN_TYPE = YES_ERROR;
				GCC_WARN_UNDECLARED_SELECTOR = YES;
				GCC_WARN_UNINITIALIZED_AUTOS = YES_AGGRESSIVE;
				GCC_WARN_UNUSED_FUNCTION = YES;
				GCC_WARN_UNUSED_VARIABLE = YES;
				IPHONEOS_DEPLOYMENT_TARGET = 7.1;
				ONLY_ACTIVE_ARCH = YES;
				SDKROOT = iphoneos;
				TARGETED_DEVICE_FAMILY = "1,2";
			};
			name = Debug;
		};
		C289A2821913440B0047D0CF /* Release */ = {
			isa = XCBuildConfiguration;
			buildSettings = {
				ALWAYS_SEARCH_USER_PATHS = NO;
				CLANG_CXX_LANGUAGE_STANDARD = "gnu++0x";
				CLANG_CXX_LIBRARY = "libc++";
				CLANG_ENABLE_MODULES = YES;
				CLANG_ENABLE_OBJC_ARC = YES;
				CLANG_WARN_BOOL_CONVERSION = YES;
				CLANG_WARN_CONSTANT_CONVERSION = YES;
				CLANG_WARN_DIRECT_OBJC_ISA_USAGE = YES_ERROR;
				CLANG_WARN_EMPTY_BODY = YES;
				CLANG_WARN_ENUM_CONVERSION = YES;
				CLANG_WARN_INT_CONVERSION = YES;
				CLANG_WARN_OBJC_ROOT_CLASS = YES_ERROR;
				CLANG_WARN__DUPLICATE_METHOD_MATCH = YES;
				"CODE_SIGN_IDENTITY[sdk=iphoneos*]" = "iPhone Developer";
				COPY_PHASE_STRIP = YES;
				ENABLE_NS_ASSERTIONS = NO;
				GCC_C_LANGUAGE_STANDARD = gnu99;
				GCC_WARN_64_TO_32_BIT_CONVERSION = YES;
				GCC_WARN_ABOUT_RETURN_TYPE = YES_ERROR;
				GCC_WARN_UNDECLARED_SELECTOR = YES;
				GCC_WARN_UNINITIALIZED_AUTOS = YES_AGGRESSIVE;
				GCC_WARN_UNUSED_FUNCTION = YES;
				GCC_WARN_UNUSED_VARIABLE = YES;
				IPHONEOS_DEPLOYMENT_TARGET = 7.1;
				SDKROOT = iphoneos;
				TARGETED_DEVICE_FAMILY = "1,2";
				VALIDATE_PRODUCT = YES;
			};
			name = Release;
		};
		C289A2841913440B0047D0CF /* Debug */ = {
			isa = XCBuildConfiguration;
			buildSettings = {
				ASSETCATALOG_COMPILER_APPICON_NAME = AppIcon;
				ASSETCATALOG_COMPILER_LAUNCHIMAGE_NAME = LaunchImage;
				CODE_SIGN_IDENTITY = "iPhone Developer";
				"CODE_SIGN_IDENTITY[sdk=iphoneos*]" = "iPhone Developer";
				GCC_PRECOMPILE_PREFIX_HEADER = YES;
				GCC_PREFIX_HEADER = "MYSForms/MYSForms-Prefix.pch";
				INFOPLIST_FILE = "MYSForms/MYSForms-Info.plist";
				IPHONEOS_DEPLOYMENT_TARGET = 7.0;
				PRODUCT_NAME = "$(TARGET_NAME)";
				PROVISIONING_PROFILE = "";
				WRAPPER_EXTENSION = app;
			};
			name = Debug;
		};
		C289A2851913440B0047D0CF /* Release */ = {
			isa = XCBuildConfiguration;
			buildSettings = {
				ASSETCATALOG_COMPILER_APPICON_NAME = AppIcon;
				ASSETCATALOG_COMPILER_LAUNCHIMAGE_NAME = LaunchImage;
				CODE_SIGN_IDENTITY = "iPhone Developer";
				"CODE_SIGN_IDENTITY[sdk=iphoneos*]" = "iPhone Developer";
				GCC_PRECOMPILE_PREFIX_HEADER = YES;
				GCC_PREFIX_HEADER = "MYSForms/MYSForms-Prefix.pch";
				INFOPLIST_FILE = "MYSForms/MYSForms-Info.plist";
				IPHONEOS_DEPLOYMENT_TARGET = 7.0;
				PRODUCT_NAME = "$(TARGET_NAME)";
				PROVISIONING_PROFILE = "";
				WRAPPER_EXTENSION = app;
			};
			name = Release;
		};
		C289A2871913440B0047D0CF /* Debug */ = {
			isa = XCBuildConfiguration;
			buildSettings = {
				BUNDLE_LOADER = "$(BUILT_PRODUCTS_DIR)/MYSForms.app/MYSForms";
				FRAMEWORK_SEARCH_PATHS = (
					"$(SDKROOT)/Developer/Library/Frameworks",
					"$(inherited)",
					"$(DEVELOPER_FRAMEWORKS_DIR)",
				);
				GCC_PRECOMPILE_PREFIX_HEADER = YES;
				GCC_PREFIX_HEADER = "MYSForms/MYSForms-Prefix.pch";
				GCC_PREPROCESSOR_DEFINITIONS = (
					"DEBUG=1",
					"$(inherited)",
				);
				INFOPLIST_FILE = "MYSFormsTests/MYSFormsTests-Info.plist";
				PRODUCT_NAME = "$(TARGET_NAME)";
				TEST_HOST = "$(BUNDLE_LOADER)";
				WRAPPER_EXTENSION = xctest;
			};
			name = Debug;
		};
		C289A2881913440B0047D0CF /* Release */ = {
			isa = XCBuildConfiguration;
			buildSettings = {
				BUNDLE_LOADER = "$(BUILT_PRODUCTS_DIR)/MYSForms.app/MYSForms";
				FRAMEWORK_SEARCH_PATHS = (
					"$(SDKROOT)/Developer/Library/Frameworks",
					"$(inherited)",
					"$(DEVELOPER_FRAMEWORKS_DIR)",
				);
				GCC_PRECOMPILE_PREFIX_HEADER = YES;
				GCC_PREFIX_HEADER = "MYSForms/MYSForms-Prefix.pch";
				INFOPLIST_FILE = "MYSFormsTests/MYSFormsTests-Info.plist";
				PRODUCT_NAME = "$(TARGET_NAME)";
				TEST_HOST = "$(BUNDLE_LOADER)";
				WRAPPER_EXTENSION = xctest;
			};
			name = Release;
		};
/* End XCBuildConfiguration section */

/* Begin XCConfigurationList section */
		C289A2491913440A0047D0CF /* Build configuration list for PBXProject "MYSForms" */ = {
			isa = XCConfigurationList;
			buildConfigurations = (
				C289A2811913440B0047D0CF /* Debug */,
				C289A2821913440B0047D0CF /* Release */,
			);
			defaultConfigurationIsVisible = 0;
			defaultConfigurationName = Release;
		};
		C289A2831913440B0047D0CF /* Build configuration list for PBXNativeTarget "MYSForms" */ = {
			isa = XCConfigurationList;
			buildConfigurations = (
				C289A2841913440B0047D0CF /* Debug */,
				C289A2851913440B0047D0CF /* Release */,
			);
			defaultConfigurationIsVisible = 0;
			defaultConfigurationName = Release;
		};
		C289A2861913440B0047D0CF /* Build configuration list for PBXNativeTarget "MYSFormsTests" */ = {
			isa = XCConfigurationList;
			buildConfigurations = (
				C289A2871913440B0047D0CF /* Debug */,
				C289A2881913440B0047D0CF /* Release */,
			);
			defaultConfigurationIsVisible = 0;
			defaultConfigurationName = Release;
		};
/* End XCConfigurationList section */
	};
	rootObject = C289A2461913440A0047D0CF /* Project object */;
}
